
Microsoft Visual Studio Solution File, Format Version 12.00
# Visual Studio 15
VisualStudioVersion = 15.0.28307.1259
MinimumVisualStudioVersion = 10.0.40219.1
Project("{8BC9CEB8-8B4A-11D0-8D11-00A0C91BC942}") = "MeshWare5646", "MeshWare5646\MeshWare5646.vcxproj", "{5FADA68A-C3C2-44EF-A1CE-C611948C2C59}"
EndProject
Global
	GlobalSection(SolutionConfigurationPlatforms) = preSolution
		Debug|x86 = Debug|x86
		Release|x86 = Release|x86
	EndGlobalSection
	GlobalSection(ProjectConfigurationPlatforms) = postSolution
		{5FADA68A-C3C2-44EF-A1CE-C611948C2C59}.Debug|x86.ActiveCfg = Debug|Win32
		{5FADA68A-C3C2-44EF-A1CE-C611948C2C59}.Debug|x86.Build.0 = Debug|Win32
		{5FADA68A-C3C2-44EF-A1CE-C611948C2C59}.Release|x86.ActiveCfg = Release|Win32
		{5FADA68A-C3C2-44EF-A1CE-C611948C2C59}.Release|x86.Build.0 = Release|Win32
	EndGlobalSection
	GlobalSection(SolutionProperties) = preSolution
		HideSolutionNode = FALSE
	EndGlobalSection
	GlobalSection(ExtensibilityGlobals) = postSolution
		SolutionGuid = {CA18D851-327D-4B79-AC3A-95DFAB3F4F5A}
	EndGlobalSection
EndGlobal
